
Microsoft Visual Studio Solution File, Format Version 12.00
# Visual Studio Version 17
VisualStudioVersion = 17.9.34622.214
MinimumVisualStudioVersion = 10.0.40219.1
Project("{9A19103F-16F7-4668-BE54-9A1E7A4F7556}") = "Vocabulary", "Vocabulary\Vocabulary.csproj", "{4F9473A5-71EB-4A97-9AE4-41B4D603238A}"
EndProject
Project("{9A19103F-16F7-4668-BE54-9A1E7A4F7556}") = "Numbers", "Numbers\Numbers.csproj", "{597DCDBE-059B-4318-B1C1-903CB516774D}"
EndProject
Project("{9A19103F-16F7-4668-BE54-9A1E7A4F7556}") = "Formatting", "Formatting\Formatting.csproj", "{BF410F9F-391D-45CB-A97E-0591FFFD2CAA}"
EndProject
Project("{9A19103F-16F7-4668-BE54-9A1E7A4F7556}") = "Arguments", "Arguments\Arguments.csproj", "{0730C76D-5E02-49A1-A587-7956F5E2A608}"
EndProject
Project("{9A19103F-16F7-4668-BE54-9A1E7A4F7556}") = "AsyncConsole", "AsyncConsole\AsyncConsole.csproj", "{355C5A97-D418-496A-9136-9EA2DD6BB1E7}"
EndProject
Project("{2150E333-8FDC-42A3-9474-1A3956D46DE8}") = "Language", "Language", "{9D31BF14-C2FE-4E25-AAED-2ECF54C819B1}"
EndProject
Global
	GlobalSection(SolutionConfigurationPlatforms) = preSolution
		Debug|Any CPU = Debug|Any CPU
		Release|Any CPU = Release|Any CPU
	EndGlobalSection
	GlobalSection(ProjectConfigurationPlatforms) = postSolution
		{4F9473A5-71EB-4A97-9AE4-41B4D603238A}.Debug|Any CPU.ActiveCfg = Debug|Any CPU
		{4F9473A5-71EB-4A97-9AE4-41B4D603238A}.Debug|Any CPU.Build.0 = Debug|Any CPU
		{4F9473A5-71EB-4A97-9AE4-41B4D603238A}.Release|Any CPU.ActiveCfg = Release|Any CPU
		{4F9473A5-71EB-4A97-9AE4-41B4D603238A}.Release|Any CPU.Build.0 = Release|Any CPU
		{597DCDBE-059B-4318-B1C1-903CB516774D}.Debug|Any CPU.ActiveCfg = Debug|Any CPU
		{597DCDBE-059B-4318-B1C1-903CB516774D}.Debug|Any CPU.Build.0 = Debug|Any CPU
		{597DCDBE-059B-4318-B1C1-903CB516774D}.Release|Any CPU.ActiveCfg = Release|Any CPU
		{597DCDBE-059B-4318-B1C1-903CB516774D}.Release|Any CPU.Build.0 = Release|Any CPU
		{BF410F9F-391D-45CB-A97E-0591FFFD2CAA}.Debug|Any CPU.ActiveCfg = Debug|Any CPU
		{BF410F9F-391D-45CB-A97E-0591FFFD2CAA}.Debug|Any CPU.Build.0 = Debug|Any CPU
		{BF410F9F-391D-45CB-A97E-0591FFFD2CAA}.Release|Any CPU.ActiveCfg = Release|Any CPU
		{BF410F9F-391D-45CB-A97E-0591FFFD2CAA}.Release|Any CPU.Build.0 = Release|Any CPU
		{0730C76D-5E02-49A1-A587-7956F5E2A608}.Debug|Any CPU.ActiveCfg = Debug|Any CPU
		{0730C76D-5E02-49A1-A587-7956F5E2A608}.Debug|Any CPU.Build.0 = Debug|Any CPU
		{0730C76D-5E02-49A1-A587-7956F5E2A608}.Release|Any CPU.ActiveCfg = Release|Any CPU
		{0730C76D-5E02-49A1-A587-7956F5E2A608}.Release|Any CPU.Build.0 = Release|Any CPU
		{355C5A97-D418-496A-9136-9EA2DD6BB1E7}.Debug|Any CPU.ActiveCfg = Debug|Any CPU
		{355C5A97-D418-496A-9136-9EA2DD6BB1E7}.Debug|Any CPU.Build.0 = Debug|Any CPU
		{355C5A97-D418-496A-9136-9EA2DD6BB1E7}.Release|Any CPU.ActiveCfg = Release|Any CPU
		{355C5A97-D418-496A-9136-9EA2DD6BB1E7}.Release|Any CPU.Build.0 = Release|Any CPU
	EndGlobalSection
	GlobalSection(SolutionProperties) = preSolution
		HideSolutionNode = FALSE
	EndGlobalSection
	GlobalSection(NestedProjects) = preSolution
		{4F9473A5-71EB-4A97-9AE4-41B4D603238A} = {9D31BF14-C2FE-4E25-AAED-2ECF54C819B1}
		{597DCDBE-059B-4318-B1C1-903CB516774D} = {9D31BF14-C2FE-4E25-AAED-2ECF54C819B1}
		{BF410F9F-391D-45CB-A97E-0591FFFD2CAA} = {9D31BF14-C2FE-4E25-AAED-2ECF54C819B1}
		{0730C76D-5E02-49A1-A587-7956F5E2A608} = {9D31BF14-C2FE-4E25-AAED-2ECF54C819B1}
		{355C5A97-D418-496A-9136-9EA2DD6BB1E7} = {9D31BF14-C2FE-4E25-AAED-2ECF54C819B1}
	EndGlobalSection
	GlobalSection(ExtensibilityGlobals) = postSolution
		SolutionGuid = {DA804E24-6516-4A79-AB12-EE1112052255}
	EndGlobalSection
EndGlobal
