
Microsoft Visual Studio Solution File, Format Version 12.00
# Visual Studio Version 17
VisualStudioVersion = 17.10.35013.160
MinimumVisualStudioVersion = 10.0.40219.1
Project("{9A19103F-16F7-4668-BE54-9A1E7A4F7556}") = "WorkingWithTasks", "WorkingWithTasks\WorkingWithTasks.csproj", "{AABD1942-D6DF-4F69-934C-5DBF7A038810}"
EndProject
Project("{9A19103F-16F7-4668-BE54-9A1E7A4F7556}") = "SynchronizingResourceAccess", "SynchronizingResourceAccess\SynchronizingResourceAccess.csproj", "{A8A34296-C719-4C6A-95D1-F8A321778569}"
EndProject
Project("{FAE04EC0-301F-11D3-BF4B-00C04F79EFBC}") = "AsyncConsole", "AsyncConsole\AsyncConsole.csproj", "{893693AC-3B98-46F7-8985-AE076543655A}"
EndProject
Project("{FAE04EC0-301F-11D3-BF4B-00C04F79EFBC}") = "AsyncEnumerable", "AsyncEnumerable\AsyncEnumerable.csproj", "{6193BC95-162D-440A-BB51-EEA197004FF6}"
EndProject
Project("{FAE04EC0-301F-11D3-BF4B-00C04F79EFBC}") = "WpfResponsive", "WpfResponsive\WpfResponsive.csproj", "{766C481A-8F9B-407D-B505-0E46E4303A8C}"
EndProject
Global
	GlobalSection(SolutionConfigurationPlatforms) = preSolution
		Debug|Any CPU = Debug|Any CPU
		Release|Any CPU = Release|Any CPU
	EndGlobalSection
	GlobalSection(ProjectConfigurationPlatforms) = postSolution
		{AABD1942-D6DF-4F69-934C-5DBF7A038810}.Debug|Any CPU.ActiveCfg = Debug|Any CPU
		{AABD1942-D6DF-4F69-934C-5DBF7A038810}.Debug|Any CPU.Build.0 = Debug|Any CPU
		{AABD1942-D6DF-4F69-934C-5DBF7A038810}.Release|Any CPU.ActiveCfg = Release|Any CPU
		{AABD1942-D6DF-4F69-934C-5DBF7A038810}.Release|Any CPU.Build.0 = Release|Any CPU
		{A8A34296-C719-4C6A-95D1-F8A321778569}.Debug|Any CPU.ActiveCfg = Debug|Any CPU
		{A8A34296-C719-4C6A-95D1-F8A321778569}.Debug|Any CPU.Build.0 = Debug|Any CPU
		{A8A34296-C719-4C6A-95D1-F8A321778569}.Release|Any CPU.ActiveCfg = Release|Any CPU
		{A8A34296-C719-4C6A-95D1-F8A321778569}.Release|Any CPU.Build.0 = Release|Any CPU
		{893693AC-3B98-46F7-8985-AE076543655A}.Debug|Any CPU.ActiveCfg = Debug|Any CPU
		{893693AC-3B98-46F7-8985-AE076543655A}.Debug|Any CPU.Build.0 = Debug|Any CPU
		{893693AC-3B98-46F7-8985-AE076543655A}.Release|Any CPU.ActiveCfg = Release|Any CPU
		{893693AC-3B98-46F7-8985-AE076543655A}.Release|Any CPU.Build.0 = Release|Any CPU
		{6193BC95-162D-440A-BB51-EEA197004FF6}.Debug|Any CPU.ActiveCfg = Debug|Any CPU
		{6193BC95-162D-440A-BB51-EEA197004FF6}.Debug|Any CPU.Build.0 = Debug|Any CPU
		{6193BC95-162D-440A-BB51-EEA197004FF6}.Release|Any CPU.ActiveCfg = Release|Any CPU
		{6193BC95-162D-440A-BB51-EEA197004FF6}.Release|Any CPU.Build.0 = Release|Any CPU
		{766C481A-8F9B-407D-B505-0E46E4303A8C}.Debug|Any CPU.ActiveCfg = Debug|Any CPU
		{766C481A-8F9B-407D-B505-0E46E4303A8C}.Debug|Any CPU.Build.0 = Debug|Any CPU
		{766C481A-8F9B-407D-B505-0E46E4303A8C}.Release|Any CPU.ActiveCfg = Release|Any CPU
		{766C481A-8F9B-407D-B505-0E46E4303A8C}.Release|Any CPU.Build.0 = Release|Any CPU
	EndGlobalSection
	GlobalSection(SolutionProperties) = preSolution
		HideSolutionNode = FALSE
	EndGlobalSection
	GlobalSection(ExtensibilityGlobals) = postSolution
		SolutionGuid = {43B803AC-7301-4AFC-AA35-74E5E0D693E8}
	EndGlobalSection
EndGlobal
