
Microsoft Visual Studio Solution File, Format Version 12.00
# Visual Studio Version 17
VisualStudioVersion = 17.10.35027.167
MinimumVisualStudioVersion = 10.0.40219.1
Project("{FAE04EC0-301F-11D3-BF4B-00C04F79EFBC}") = "Northwind.Common", "Northwind.Common\Northwind.Common.csproj", "{6C9A17C5-8948-458B-9DA9-73DCBDD53EF0}"
EndProject
Project("{FAE04EC0-301F-11D3-BF4B-00C04F79EFBC}") = "Northwind.SignalR.Service.Client.Mvc", "Northwind.SignalR.Service.Client.Mvc\Northwind.SignalR.Service.Client.Mvc.csproj", "{00F9FEBA-9D42-4989-AD50-58442AA72E91}"
EndProject
Project("{FAE04EC0-301F-11D3-BF4B-00C04F79EFBC}") = "Northwind.SignalR.Client.Console", "Northwind.SignalR.Client.Console\Northwind.SignalR.Client.Console.csproj", "{944550D1-ED68-4C61-8820-ABF27E9D7417}"
EndProject
Project("{FAE04EC0-301F-11D3-BF4B-00C04F79EFBC}") = "Northwind.SignalR.Client.Console.Streams", "Northwind.SignalR.Client.Console.Streams\Northwind.SignalR.Client.Console.Streams.csproj", "{1C56F04E-A11B-4142-8BA8-E4BE528AF5BE}"
EndProject
Global
	GlobalSection(SolutionConfigurationPlatforms) = preSolution
		Debug|Any CPU = Debug|Any CPU
		Release|Any CPU = Release|Any CPU
	EndGlobalSection
	GlobalSection(ProjectConfigurationPlatforms) = postSolution
		{6C9A17C5-8948-458B-9DA9-73DCBDD53EF0}.Debug|Any CPU.ActiveCfg = Debug|Any CPU
		{6C9A17C5-8948-458B-9DA9-73DCBDD53EF0}.Debug|Any CPU.Build.0 = Debug|Any CPU
		{6C9A17C5-8948-458B-9DA9-73DCBDD53EF0}.Release|Any CPU.ActiveCfg = Release|Any CPU
		{6C9A17C5-8948-458B-9DA9-73DCBDD53EF0}.Release|Any CPU.Build.0 = Release|Any CPU
		{00F9FEBA-9D42-4989-AD50-58442AA72E91}.Debug|Any CPU.ActiveCfg = Debug|Any CPU
		{00F9FEBA-9D42-4989-AD50-58442AA72E91}.Debug|Any CPU.Build.0 = Debug|Any CPU
		{00F9FEBA-9D42-4989-AD50-58442AA72E91}.Release|Any CPU.ActiveCfg = Release|Any CPU
		{00F9FEBA-9D42-4989-AD50-58442AA72E91}.Release|Any CPU.Build.0 = Release|Any CPU
		{944550D1-ED68-4C61-8820-ABF27E9D7417}.Debug|Any CPU.ActiveCfg = Debug|Any CPU
		{944550D1-ED68-4C61-8820-ABF27E9D7417}.Debug|Any CPU.Build.0 = Debug|Any CPU
		{944550D1-ED68-4C61-8820-ABF27E9D7417}.Release|Any CPU.ActiveCfg = Release|Any CPU
		{944550D1-ED68-4C61-8820-ABF27E9D7417}.Release|Any CPU.Build.0 = Release|Any CPU
		{1C56F04E-A11B-4142-8BA8-E4BE528AF5BE}.Debug|Any CPU.ActiveCfg = Debug|Any CPU
		{1C56F04E-A11B-4142-8BA8-E4BE528AF5BE}.Debug|Any CPU.Build.0 = Debug|Any CPU
		{1C56F04E-A11B-4142-8BA8-E4BE528AF5BE}.Release|Any CPU.ActiveCfg = Release|Any CPU
		{1C56F04E-A11B-4142-8BA8-E4BE528AF5BE}.Release|Any CPU.Build.0 = Release|Any CPU
	EndGlobalSection
	GlobalSection(SolutionProperties) = preSolution
		HideSolutionNode = FALSE
	EndGlobalSection
	GlobalSection(ExtensibilityGlobals) = postSolution
		SolutionGuid = {ED58AE6E-D7C5-43CB-B4FA-3270EE3957F1}
	EndGlobalSection
EndGlobal
