
Microsoft Visual Studio Solution File, Format Version 12.00
# Visual Studio Version 17
VisualStudioVersion = 17.10.35122.118
MinimumVisualStudioVersion = 10.0.40219.1
Project("{9A19103F-16F7-4668-BE54-9A1E7A4F7556}") = "Northwind.Blazor", "Northwind.Blazor\Northwind.Blazor.csproj", "{9D55EA15-9567-41DE-B541-00F0DA8C51CB}"
EndProject
Project("{9A19103F-16F7-4668-BE54-9A1E7A4F7556}") = "Northwind.Common.DataContext.SqlServer", "..\Data\Northwind.Common.DataContext.SqlServer\Northwind.Common.DataContext.SqlServer.csproj", "{B5BCAD7C-B5C3-493E-B036-0F8E86B5FE65}"
EndProject
Project("{FAE04EC0-301F-11D3-BF4B-00C04F79EFBC}") = "Northwind.MinimalApi.Service", "Northwind.MinimalApi.Service\Northwind.MinimalApi.Service.csproj", "{73929696-0CBC-4A3D-A308-B93D11D5F52F}"
EndProject
Global
	GlobalSection(SolutionConfigurationPlatforms) = preSolution
		Debug|Any CPU = Debug|Any CPU
		Debug|x64 = Debug|x64
		Release|Any CPU = Release|Any CPU
		Release|x64 = Release|x64
	EndGlobalSection
	GlobalSection(ProjectConfigurationPlatforms) = postSolution
		{9D55EA15-9567-41DE-B541-00F0DA8C51CB}.Debug|Any CPU.ActiveCfg = Debug|Any CPU
		{9D55EA15-9567-41DE-B541-00F0DA8C51CB}.Debug|Any CPU.Build.0 = Debug|Any CPU
		{9D55EA15-9567-41DE-B541-00F0DA8C51CB}.Debug|x64.ActiveCfg = Debug|Any CPU
		{9D55EA15-9567-41DE-B541-00F0DA8C51CB}.Debug|x64.Build.0 = Debug|Any CPU
		{9D55EA15-9567-41DE-B541-00F0DA8C51CB}.Release|Any CPU.ActiveCfg = Release|Any CPU
		{9D55EA15-9567-41DE-B541-00F0DA8C51CB}.Release|Any CPU.Build.0 = Release|Any CPU
		{9D55EA15-9567-41DE-B541-00F0DA8C51CB}.Release|x64.ActiveCfg = Release|Any CPU
		{9D55EA15-9567-41DE-B541-00F0DA8C51CB}.Release|x64.Build.0 = Release|Any CPU
		{B5BCAD7C-B5C3-493E-B036-0F8E86B5FE65}.Debug|Any CPU.ActiveCfg = Debug|Any CPU
		{B5BCAD7C-B5C3-493E-B036-0F8E86B5FE65}.Debug|Any CPU.Build.0 = Debug|Any CPU
		{B5BCAD7C-B5C3-493E-B036-0F8E86B5FE65}.Debug|x64.ActiveCfg = Debug|x64
		{B5BCAD7C-B5C3-493E-B036-0F8E86B5FE65}.Debug|x64.Build.0 = Debug|x64
		{B5BCAD7C-B5C3-493E-B036-0F8E86B5FE65}.Release|Any CPU.ActiveCfg = Release|Any CPU
		{B5BCAD7C-B5C3-493E-B036-0F8E86B5FE65}.Release|Any CPU.Build.0 = Release|Any CPU
		{B5BCAD7C-B5C3-493E-B036-0F8E86B5FE65}.Release|x64.ActiveCfg = Release|x64
		{B5BCAD7C-B5C3-493E-B036-0F8E86B5FE65}.Release|x64.Build.0 = Release|x64
		{73929696-0CBC-4A3D-A308-B93D11D5F52F}.Debug|Any CPU.ActiveCfg = Debug|Any CPU
		{73929696-0CBC-4A3D-A308-B93D11D5F52F}.Debug|Any CPU.Build.0 = Debug|Any CPU
		{73929696-0CBC-4A3D-A308-B93D11D5F52F}.Debug|x64.ActiveCfg = Debug|Any CPU
		{73929696-0CBC-4A3D-A308-B93D11D5F52F}.Debug|x64.Build.0 = Debug|Any CPU
		{73929696-0CBC-4A3D-A308-B93D11D5F52F}.Release|Any CPU.ActiveCfg = Release|Any CPU
		{73929696-0CBC-4A3D-A308-B93D11D5F52F}.Release|Any CPU.Build.0 = Release|Any CPU
		{73929696-0CBC-4A3D-A308-B93D11D5F52F}.Release|x64.ActiveCfg = Release|Any CPU
		{73929696-0CBC-4A3D-A308-B93D11D5F52F}.Release|x64.Build.0 = Release|Any CPU
	EndGlobalSection
	GlobalSection(SolutionProperties) = preSolution
		HideSolutionNode = FALSE
	EndGlobalSection
	GlobalSection(ExtensibilityGlobals) = postSolution
		SolutionGuid = {DDCB3A62-5C1E-4812-8CF0-CF277801B435}
	EndGlobalSection
EndGlobal
