
Microsoft Visual Studio Solution File, Format Version 12.00
# Visual Studio Version 17
VisualStudioVersion = 17.10.34916.146
MinimumVisualStudioVersion = 10.0.40219.1
Project("{9A19103F-16F7-4668-BE54-9A1E7A4F7556}") = "PacktLibrary", "PacktLibrary\PacktLibrary.csproj", "{6A4E7A59-2E14-48E7-87EA-C10CCBE67B23}"
EndProject
Project("{9A19103F-16F7-4668-BE54-9A1E7A4F7556}") = "PeopleApp", "PeopleApp\PeopleApp.csproj", "{F1B8D262-AC6F-46D4-87D4-36BF28EE4559}"
EndProject
Project("{FAE04EC0-301F-11D3-BF4B-00C04F79EFBC}") = "NullHandling", "NullHandling\NullHandling.csproj", "{42EC4BF2-BFE1-4AC7-9C75-7AC49F4356CA}"
EndProject
Global
	GlobalSection(SolutionConfigurationPlatforms) = preSolution
		Debug|Any CPU = Debug|Any CPU
		Release|Any CPU = Release|Any CPU
	EndGlobalSection
	GlobalSection(ProjectConfigurationPlatforms) = postSolution
		{6A4E7A59-2E14-48E7-87EA-C10CCBE67B23}.Debug|Any CPU.ActiveCfg = Debug|Any CPU
		{6A4E7A59-2E14-48E7-87EA-C10CCBE67B23}.Debug|Any CPU.Build.0 = Debug|Any CPU
		{6A4E7A59-2E14-48E7-87EA-C10CCBE67B23}.Release|Any CPU.ActiveCfg = Release|Any CPU
		{6A4E7A59-2E14-48E7-87EA-C10CCBE67B23}.Release|Any CPU.Build.0 = Release|Any CPU
		{F1B8D262-AC6F-46D4-87D4-36BF28EE4559}.Debug|Any CPU.ActiveCfg = Debug|Any CPU
		{F1B8D262-AC6F-46D4-87D4-36BF28EE4559}.Debug|Any CPU.Build.0 = Debug|Any CPU
		{F1B8D262-AC6F-46D4-87D4-36BF28EE4559}.Release|Any CPU.ActiveCfg = Release|Any CPU
		{F1B8D262-AC6F-46D4-87D4-36BF28EE4559}.Release|Any CPU.Build.0 = Release|Any CPU
		{42EC4BF2-BFE1-4AC7-9C75-7AC49F4356CA}.Debug|Any CPU.ActiveCfg = Debug|Any CPU
		{42EC4BF2-BFE1-4AC7-9C75-7AC49F4356CA}.Debug|Any CPU.Build.0 = Debug|Any CPU
		{42EC4BF2-BFE1-4AC7-9C75-7AC49F4356CA}.Release|Any CPU.ActiveCfg = Release|Any CPU
		{42EC4BF2-BFE1-4AC7-9C75-7AC49F4356CA}.Release|Any CPU.Build.0 = Release|Any CPU
	EndGlobalSection
	GlobalSection(SolutionProperties) = preSolution
		HideSolutionNode = FALSE
	EndGlobalSection
	GlobalSection(ExtensibilityGlobals) = postSolution
		SolutionGuid = {A44F5C7E-7834-486C-9FF5-62A9F3F237EA}
	EndGlobalSection
EndGlobal
