
Microsoft Visual Studio Solution File, Format Version 12.00
# Visual Studio Version 17
VisualStudioVersion = 17.10.34916.146
MinimumVisualStudioVersion = 10.0.40219.1
Project("{9A19103F-16F7-4668-BE54-9A1E7A4F7556}") = "WorkingWithNumbers", "WorkingWithNumbers\WorkingWithNumbers.csproj", "{0F9BAE2B-09BF-46B0-888F-762A0B433974}"
EndProject
Project("{9A19103F-16F7-4668-BE54-9A1E7A4F7556}") = "WorkingWithText", "WorkingWithText\WorkingWithText.csproj", "{0BB3F984-7D3A-4FA6-8CD2-3779715805BB}"
EndProject
Project("{9A19103F-16F7-4668-BE54-9A1E7A4F7556}") = "WorkingWithRegularExpressions", "WorkingWithRegularExpressions\WorkingWithRegularExpressions.csproj", "{C1878BF6-DB9D-442D-B8B4-30DE1D638C04}"
EndProject
Project("{9A19103F-16F7-4668-BE54-9A1E7A4F7556}") = "WorkingWIthCollections", "WorkingWIthCollections\WorkingWIthCollections.csproj", "{8E1271CF-D399-4330-95DD-29A1E50144FD}"
EndProject
Project("{FAE04EC0-301F-11D3-BF4B-00C04F79EFBC}") = "WorkingWithRanges", "WorkingWithRanges\WorkingWithRanges.csproj", "{03C29531-BAD5-4FF2-9069-EBF7BF4AF9DE}"
EndProject
Global
	GlobalSection(SolutionConfigurationPlatforms) = preSolution
		Debug|Any CPU = Debug|Any CPU
		Release|Any CPU = Release|Any CPU
	EndGlobalSection
	GlobalSection(ProjectConfigurationPlatforms) = postSolution
		{0F9BAE2B-09BF-46B0-888F-762A0B433974}.Debug|Any CPU.ActiveCfg = Debug|Any CPU
		{0F9BAE2B-09BF-46B0-888F-762A0B433974}.Debug|Any CPU.Build.0 = Debug|Any CPU
		{0F9BAE2B-09BF-46B0-888F-762A0B433974}.Release|Any CPU.ActiveCfg = Release|Any CPU
		{0F9BAE2B-09BF-46B0-888F-762A0B433974}.Release|Any CPU.Build.0 = Release|Any CPU
		{0BB3F984-7D3A-4FA6-8CD2-3779715805BB}.Debug|Any CPU.ActiveCfg = Debug|Any CPU
		{0BB3F984-7D3A-4FA6-8CD2-3779715805BB}.Debug|Any CPU.Build.0 = Debug|Any CPU
		{0BB3F984-7D3A-4FA6-8CD2-3779715805BB}.Release|Any CPU.ActiveCfg = Release|Any CPU
		{0BB3F984-7D3A-4FA6-8CD2-3779715805BB}.Release|Any CPU.Build.0 = Release|Any CPU
		{C1878BF6-DB9D-442D-B8B4-30DE1D638C04}.Debug|Any CPU.ActiveCfg = Debug|Any CPU
		{C1878BF6-DB9D-442D-B8B4-30DE1D638C04}.Debug|Any CPU.Build.0 = Debug|Any CPU
		{C1878BF6-DB9D-442D-B8B4-30DE1D638C04}.Release|Any CPU.ActiveCfg = Release|Any CPU
		{C1878BF6-DB9D-442D-B8B4-30DE1D638C04}.Release|Any CPU.Build.0 = Release|Any CPU
		{8E1271CF-D399-4330-95DD-29A1E50144FD}.Debug|Any CPU.ActiveCfg = Debug|Any CPU
		{8E1271CF-D399-4330-95DD-29A1E50144FD}.Debug|Any CPU.Build.0 = Debug|Any CPU
		{8E1271CF-D399-4330-95DD-29A1E50144FD}.Release|Any CPU.ActiveCfg = Release|Any CPU
		{8E1271CF-D399-4330-95DD-29A1E50144FD}.Release|Any CPU.Build.0 = Release|Any CPU
		{03C29531-BAD5-4FF2-9069-EBF7BF4AF9DE}.Debug|Any CPU.ActiveCfg = Debug|Any CPU
		{03C29531-BAD5-4FF2-9069-EBF7BF4AF9DE}.Debug|Any CPU.Build.0 = Debug|Any CPU
		{03C29531-BAD5-4FF2-9069-EBF7BF4AF9DE}.Release|Any CPU.ActiveCfg = Release|Any CPU
		{03C29531-BAD5-4FF2-9069-EBF7BF4AF9DE}.Release|Any CPU.Build.0 = Release|Any CPU
	EndGlobalSection
	GlobalSection(SolutionProperties) = preSolution
		HideSolutionNode = FALSE
	EndGlobalSection
	GlobalSection(ExtensibilityGlobals) = postSolution
		SolutionGuid = {CDE98B83-4654-4495-A500-5C138209A0CB}
	EndGlobalSection
EndGlobal
